PODS:
  - barcode_scan (0.0.1):
    - Flutter
    - MTBBarcodeScanner
  - BigInt (5.1.3)
  - capo_token_core_plugin (0.0.1):
    - BigInt
    - CoreBitcoin
    - CryptoSwift
    - Flutter
    - libscrypt
    - OpenSSL-Universal
    - secp256k1
    - TokenCoreCapo
  - CoreBitcoin (1.0.3):
    - libscrypt
    - OpenSSL-Universal
  - CryptoSwift (1.3.6)
  - Firebase/Analytics (6.33.0):
    - Firebase/Core
  - Firebase/Core (6.33.0):
    - Firebase/CoreOnly
    - FirebaseAnalytics (= 6.8.3)
  - Firebase/CoreOnly (6.33.0):
    - FirebaseCore (= 6.10.3)
  - firebase_analytics (0.0.1):
    - Firebase/Analytics (~> 6.0)
    - Firebase/Core
    - Flutter
  - firebase_core (0.0.1):
    - Firebase/Core
    - Flutter
  - FirebaseAnalytics (6.8.3):
    - FirebaseCore (~> 6.10)
    - FirebaseInstallations (~> 1.6)
    - GoogleAppMeasurement (= 6.8.3)
    - GoogleUtilities/AppDelegateSwizzler (~> 6.7)
    - GoogleUtilities/MethodSwizzler (~> 6.7)
    - GoogleUtilities/Network (~> 6.7)
    - "GoogleUtilities/NSData+zlib (~> 6.7)"
    - nanopb (~> 1.30906.0)
  - FirebaseCore (6.10.3):
    - FirebaseCoreDiagnostics (~> 1.6)
    - GoogleUtilities/Environment (~> 6.7)
    - GoogleUtilities/Logger (~> 6.7)
  - FirebaseCoreDiagnostics (1.7.0):
    - GoogleDataTransport (~> 7.4)
    - GoogleUtilities/Environment (~> 6.7)
    - GoogleUtilities/Logger (~> 6.7)
    - nanopb (~> 1.30906.0)
  - FirebaseInstallations (1.7.0):
    - FirebaseCore (~> 6.10)
    - GoogleUtilities/Environment (~> 6.7)
    - GoogleUtilities/UserDefaults (~> 6.7)
    - PromisesObjC (~> 1.2)
  - Flutter (1.0.0)
  - FMDB (2.7.5):
    - FMDB/standard (= 2.7.5)
  - FMDB/standard (2.7.5)
  - GoogleAppMeasurement (6.8.3):
    - GoogleUtilities/AppDelegateSwizzler (~> 6.7)
    - GoogleUtilities/MethodSwizzler (~> 6.7)
    - GoogleUtilities/Network (~> 6.7)
    - "GoogleUtilities/NSData+zlib (~> 6.7)"
    - nanopb (~> 1.30906.0)
  - GoogleDataTransport (7.4.0):
    - nanopb (~> 1.30906.0)
  - GoogleUtilities/AppDelegateSwizzler (6.7.2):
    - GoogleUtilities/Environment
    - GoogleUtilities/Logger
    - GoogleUtilities/Network
  - GoogleUtilities/Environment (6.7.2):
    - PromisesObjC (~> 1.2)
  - GoogleUtilities/Logger (6.7.2):
    - GoogleUtilities/Environment
  - GoogleUtilities/MethodSwizzler (6.7.2):
    - GoogleUtilities/Logger
  - GoogleUtilities/Network (6.7.2):
    - GoogleUtilities/Logger
    - "GoogleUtilities/NSData+zlib"
    - GoogleUtilities/Reachability
  - "GoogleUtilities/NSData+zlib (6.7.2)"
  - GoogleUtilities/Reachability (6.7.2):
    - GoogleUtilities/Logger
  - GoogleUtilities/UserDefaults (6.7.2):
    - GoogleUtilities/Logger
  - image_picker (0.0.1):
    - Flutter
  - libscrypt (1.0.0)
  - MTBBarcodeScanner (5.0.11)
  - nanopb (1.30906.0):
    - nanopb/decode (= 1.30906.0)
    - nanopb/encode (= 1.30906.0)
  - nanopb/decode (1.30906.0)
  - nanopb/encode (1.30906.0)
  - OpenSSL-Universal (1.0.1):
    - OpenSSL-Universal/Framework (= 1.0.1)
  - OpenSSL-Universal/Framework (1.0.1)
  - package_info (0.0.1):
    - Flutter
  - path_provider (0.0.1):
    - Flutter
  - permission_handler (4.4.0):
    - Flutter
  - PromisesObjC (1.2.10)
  - r_scan (0.0.1):
    - Flutter
  - secp256k1 (0.2.7)
  - shared_preferences (0.0.1):
    - Flutter
  - sqflite (0.0.1):
    - Flutter
    - FMDB (~> 2.7.2)
  - TokenCoreCapo (1.0.6):
    - BigInt
    - CoreBitcoin
    - CryptoSwift
    - secp256k1
  - url_launcher (0.0.1):
    - Flutter

DEPENDENCIES:
  - barcode_scan (from `.symlinks/plugins/barcode_scan/ios`)
  - BigInt (from `https://github.com/matteozero/BigInt.git`)
  - capo_token_core_plugin (from `.symlinks/plugins/capo_token_core_plugin/ios`)
  - CoreBitcoin (from `https://github.com/matteozero/CoreBitcoin.git`)
  - CryptoSwift (from `https://github.com/matteozero/CryptoSwift.git`)
  - firebase_analytics (from `.symlinks/plugins/firebase_analytics/ios`)
  - firebase_core (from `.symlinks/plugins/firebase_core/ios`)
  - Flutter (from `Flutter`)
  - image_picker (from `.symlinks/plugins/image_picker/ios`)
  - libscrypt (from `https://github.com/matteozero/libscrypt.git`)
  - OpenSSL-Universal (from `https://github.com/matteozero/OpenSSL-Universal.git`)
  - package_info (from `.symlinks/plugins/package_info/ios`)
  - path_provider (from `.symlinks/plugins/path_provider/ios`)
  - permission_handler (from `.symlinks/plugins/permission_handler/ios`)
  - r_scan (from `.symlinks/plugins/r_scan/ios`)
  - secp256k1 (from `https://github.com/matteozero/secp256k1.git`)
  - shared_preferences (from `.symlinks/plugins/shared_preferences/ios`)
  - sqflite (from `.symlinks/plugins/sqflite/ios`)
  - TokenCoreCapo (from `https://github.com/matteozero/TokenCoreCapo.git`)
  - url_launcher (from `.symlinks/plugins/url_launcher/ios`)

SPEC REPOS:
  trunk:
    - Firebase
    - FirebaseAnalytics
    - FirebaseCore
    - FirebaseCoreDiagnostics
    - FirebaseInstallations
    - FMDB
    - GoogleAppMeasurement
    - GoogleDataTransport
    - GoogleUtilities
    - MTBBarcodeScanner
    - nanopb
    - PromisesObjC

EXTERNAL SOURCES:
  barcode_scan:
    :path: ".symlinks/plugins/barcode_scan/ios"
  BigInt:
    :git: https://github.com/matteozero/BigInt.git
  capo_token_core_plugin:
    :path: ".symlinks/plugins/capo_token_core_plugin/ios"
  CoreBitcoin:
    :git: https://github.com/matteozero/CoreBitcoin.git
  CryptoSwift:
    :git: https://github.com/matteozero/CryptoSwift.git
  firebase_analytics:
    :path: ".symlinks/plugins/firebase_analytics/ios"
  firebase_core:
    :path: ".symlinks/plugins/firebase_core/ios"
  Flutter:
    :path: Flutter
  image_picker:
    :path: ".symlinks/plugins/image_picker/ios"
  libscrypt:
    :git: https://github.com/matteozero/libscrypt.git
  OpenSSL-Universal:
    :git: https://github.com/matteozero/OpenSSL-Universal.git
  package_info:
    :path: ".symlinks/plugins/package_info/ios"
  path_provider:
    :path: ".symlinks/plugins/path_provider/ios"
  permission_handler:
    :path: ".symlinks/plugins/permission_handler/ios"
  r_scan:
    :path: ".symlinks/plugins/r_scan/ios"
  secp256k1:
    :git: https://github.com/matteozero/secp256k1.git
  shared_preferences:
    :path: ".symlinks/plugins/shared_preferences/ios"
  sqflite:
    :path: ".symlinks/plugins/sqflite/ios"
  TokenCoreCapo:
    :git: https://github.com/matteozero/TokenCoreCapo.git
  url_launcher:
    :path: ".symlinks/plugins/url_launcher/ios"

CHECKOUT OPTIONS:
  BigInt:
    :commit: f4aa0619f85c3af3643184a50386f328bfd4e72a
    :git: https://github.com/matteozero/BigInt.git
  CoreBitcoin:
    :commit: d32a62ba4811535378fa522dd57a4ffb3c873bef
    :git: https://github.com/matteozero/CoreBitcoin.git
  CryptoSwift:
    :commit: a7565de1ce268a71eb6678e32f291d742c3958f7
    :git: https://github.com/matteozero/CryptoSwift.git
  libscrypt:
    :commit: c595fd3ec3d2320e9d73c28fc74a855ec66b5845
    :git: https://github.com/matteozero/libscrypt.git
  OpenSSL-Universal:
    :commit: a97fdd752630eccddee61b0df56dcc342ac570dd
    :git: https://github.com/matteozero/OpenSSL-Universal.git
  secp256k1:
    :commit: 8386ab63c0c2749b24310d7908bee5224b6cc77c
    :git: https://github.com/matteozero/secp256k1.git
  TokenCoreCapo:
    :commit: b5a31941f343633f15ea531f315aff1935100790
    :git: https://github.com/matteozero/TokenCoreCapo.git

SPEC CHECKSUMS:
  barcode_scan: 33f586d02270046fc6559135038b34b5754eaa4f
  BigInt: 3a02275f2eac6a17b7860b388684cae52bd79524
  capo_token_core_plugin: 2d4eaa4ebc5aba930381b97ce57f3c8d9613cf14
  CoreBitcoin: d3804ddc016314b0207e3a46df5b3d1182b9336e
  CryptoSwift: a6fb0428e72e0a87dbe389dbeee875c7d1ca0c8f
  Firebase: 8db6f2d1b2c5e2984efba4949a145875a8f65fe5
  firebase_analytics: dacdcfc524d722fff13dcff942f0dfa47e6be567
  firebase_core: 0d8be0e0d14c4902953aeb5ac5d7316d1fe4b978
  FirebaseAnalytics: 5dd088bd2e67bb9d13dbf792d1164ceaf3052193
  FirebaseCore: d889d9e12535b7f36ac8bfbf1713a0836a3012cd
  FirebaseCoreDiagnostics: 770ac5958e1372ce67959ae4b4f31d8e127c3ac1
  FirebaseInstallations: 466c7b4d1f58fe16707693091da253726a731ed2
  Flutter: 0e3d915762c693b495b44d77113d4970485de6ec
  FMDB: 2ce00b547f966261cd18927a3ddb07cb6f3db82a
  GoogleAppMeasurement: 966e88df9d19c15715137bb2ddaf52373f111436
  GoogleDataTransport: b7f406340a291370045a270c599e53c6fa6ec20f
  GoogleUtilities: 7f2f5a07f888cdb145101d6042bc4422f57e70b3
  image_picker: e3eacd46b94694dde7cf2705955cece853aa1a8f
  libscrypt: 5ccf25e57fc5670804ef646f3b0bcceaa7777650
  MTBBarcodeScanner: f453b33c4b7dfe545d8c6484ed744d55671788cb
  nanopb: 59317e09cf1f1a0af72f12af412d54edf52603fc
  OpenSSL-Universal: 63543ddc2546926fb1acbd3d2afa107ac4b76518
  package_info: 873975fc26034f0b863a300ad47e7f1ac6c7ec62
  path_provider: abfe2b5c733d04e238b0d8691db0cfd63a27a93c
  permission_handler: f615215121f43c1640d2b8500d4ad749512828a8
  PromisesObjC: b14b1c6b68e306650688599de8a45e49fae81151
  r_scan: ff1d53ccf15e760a9b244da3bbf3c5ec7bd763b4
  secp256k1: 3b26f535f812c47ab0e70813a02474d93dc1ded4
  shared_preferences: af6bfa751691cdc24be3045c43ec037377ada40d
  sqflite: 4001a31ff81d210346b500c55b17f4d6c7589dd0
  TokenCoreCapo: 888f38b1f59b2520156762d5b20f63d04bd8de71
  url_launcher: a1c0cc845906122c4784c542523d8cacbded5626

PODFILE CHECKSUM: a29dd0648b1369954f7ab81b8a6f055434ea760a

COCOAPODS: 1.9.3
